
Microsoft Visual Studio Solution File, Format Version 12.00
# Visual Studio Version 17
VisualStudioVersion = 17.3.32825.248
MinimumVisualStudioVersion = 10.0.40219.1
Project("{9A19103F-16F7-4668-BE54-9A1E7A4F7556}") = "firstprogram", "firstprogram.csproj", "{F8AFA7F2-F1B8-4419-8264-B346F9E72D28}"
EndProject
Global
	GlobalSection(SolutionConfigurationPlatforms) = preSolution
		Debug|Any CPU = Debug|Any CPU
		Release|Any CPU = Release|Any CPU
	EndGlobalSection
	GlobalSection(ProjectConfigurationPlatforms) = postSolution
		{F8AFA7F2-F1B8-4419-8264-B346F9E72D28}.Debug|Any CPU.ActiveCfg = Debug|Any CPU
		{F8AFA7F2-F1B8-4419-8264-B346F9E72D28}.Debug|Any CPU.Build.0 = Debug|Any CPU
		{F8AFA7F2-F1B8-4419-8264-B346F9E72D28}.Release|Any CPU.ActiveCfg = Release|Any CPU
		{F8AFA7F2-F1B8-4419-8264-B346F9E72D28}.Release|Any CPU.Build.0 = Release|Any CPU
	EndGlobalSection
	GlobalSection(SolutionProperties) = preSolution
		HideSolutionNode = FALSE
	EndGlobalSection
	GlobalSection(ExtensibilityGlobals) = postSolution
		SolutionGuid = {6303E4B0-2B9E-41CD-A8B5-665DDC8E669C}
	EndGlobalSection
EndGlobal
